
Microsoft Visual Studio Solution File, Format Version 12.00
Project("{FAE04EC0-301F-11D3-BF4B-00C04F79EFBC}") = "FileOrkestrator.Host", "FileOrkestrator.Host\FileOrkestrator.Host.csproj", "{EB99A716-DE64-455B-B85F-229A35CEA6BC}"
EndProject
Project("{2150E333-8FDC-42A3-9474-1A3956D46DE8}") = "src", "src", "{B23E96F3-BD7E-40D6-8A30-218AF8132250}"
EndProject
Project("{2150E333-8FDC-42A3-9474-1A3956D46DE8}") = "files", "files", "{CB9BB232-2289-499A-99E4-3CE7D36DF34C}"
	ProjectSection(SolutionItems) = preProject
		.dockerignore = .dockerignore
		.gitignore = .gitignore
		Dockerfile = Dockerfile
		docker-compose.yml = docker-compose.yml
		README.md = README.md
	EndProjectSection
EndProject
Project("{2150E333-8FDC-42A3-9474-1A3956D46DE8}") = "test", "test", "{847D1BCE-5121-454C-9D3E-40374E78C9D8}"
EndProject
Project("{FAE04EC0-301F-11D3-BF4B-00C04F79EFBC}") = "FileOrkestrator.Migrator", "FileOrkestrator.Migrator\FileOrkestrator.Migrator.csproj", "{5460237B-DEAB-4A05-A61B-FBFC52BE9FAF}"
EndProject
Project("{FAE04EC0-301F-11D3-BF4B-00C04F79EFBC}") = "FileOrkestrator.Dto", "FileOrkestrator.Dto\FileOrkestrator.Dto.csproj", "{82F7AD3B-C941-4F79-AB18-3991AFB72EA4}"
EndProject
Project("{FAE04EC0-301F-11D3-BF4B-00C04F79EFBC}") = "FileOrkestrator.Dal", "FileOrkestrator.Dal\FileOrkestrator.Dal.csproj", "{AE48369A-3897-4B78-8A57-4920CDA498B3}"
EndProject
Project("{FAE04EC0-301F-11D3-BF4B-00C04F79EFBC}") = "FileOrkestrator.Cqrs", "FileOrkestrator.Cqrs\FileOrkestrator.Cqrs.csproj", "{85FA538A-1DA2-4C1A-BF41-F4280AE8BC1F}"
EndProject
Project("{FAE04EC0-301F-11D3-BF4B-00C04F79EFBC}") = "FileOrkestrator.Abstractions", "FileOrkestrator.Abstractions\FileOrkestrator.Abstractions.csproj", "{6ABD91A9-88A9-4446-98E9-F0E775036627}"
EndProject
Project("{2150E333-8FDC-42A3-9474-1A3956D46DE8}") = "integrate", "integrate", "{52D470EA-D715-4125-B259-666ACB727C59}"
EndProject
Project("{FAE04EC0-301F-11D3-BF4B-00C04F79EFBC}") = "FileOrkestrator.Integrate.SearchEngine", "FileOrkestrator.Integrate.SearchEngine\FileOrkestrator.Integrate.SearchEngine.csproj", "{A3B3185F-2BE8-49F3-AD04-10169F8DBB87}"
EndProject
Project("{FAE04EC0-301F-11D3-BF4B-00C04F79EFBC}") = "FileOrkestrator.Domain", "FileOrkestrator.Domain\FileOrkestrator.Domain.csproj", "{F8E3EEDE-5ADC-4289-8BA1-27C75B3E577E}"
EndProject
Project("{FAE04EC0-301F-11D3-BF4B-00C04F79EFBC}") = "FileOrkestrator.Cqrs.Tests", "FileOrkestrator.Cqrs.Tests\FileOrkestrator.Cqrs.Tests.csproj", "{018EBD6F-33F8-476B-A1E0-EDE793A8F6E7}"
EndProject
Global
	GlobalSection(SolutionConfigurationPlatforms) = preSolution
		Debug|Any CPU = Debug|Any CPU
		Debug|x64 = Debug|x64
		Debug|x86 = Debug|x86
		Release|Any CPU = Release|Any CPU
		Release|x64 = Release|x64
		Release|x86 = Release|x86
	EndGlobalSection
	GlobalSection(ProjectConfigurationPlatforms) = postSolution
		{EB99A716-DE64-455B-B85F-229A35CEA6BC}.Debug|Any CPU.ActiveCfg = Debug|Any CPU
		{EB99A716-DE64-455B-B85F-229A35CEA6BC}.Debug|Any CPU.Build.0 = Debug|Any CPU
		{EB99A716-DE64-455B-B85F-229A35CEA6BC}.Debug|x64.ActiveCfg = Debug|Any CPU
		{EB99A716-DE64-455B-B85F-229A35CEA6BC}.Debug|x64.Build.0 = Debug|Any CPU
		{EB99A716-DE64-455B-B85F-229A35CEA6BC}.Debug|x86.ActiveCfg = Debug|Any CPU
		{EB99A716-DE64-455B-B85F-229A35CEA6BC}.Debug|x86.Build.0 = Debug|Any CPU
		{EB99A716-DE64-455B-B85F-229A35CEA6BC}.Release|Any CPU.ActiveCfg = Release|Any CPU
		{EB99A716-DE64-455B-B85F-229A35CEA6BC}.Release|Any CPU.Build.0 = Release|Any CPU
		{EB99A716-DE64-455B-B85F-229A35CEA6BC}.Release|x64.ActiveCfg = Release|Any CPU
		{EB99A716-DE64-455B-B85F-229A35CEA6BC}.Release|x64.Build.0 = Release|Any CPU
		{EB99A716-DE64-455B-B85F-229A35CEA6BC}.Release|x86.ActiveCfg = Release|Any CPU
		{EB99A716-DE64-455B-B85F-229A35CEA6BC}.Release|x86.Build.0 = Release|Any CPU
		{5460237B-DEAB-4A05-A61B-FBFC52BE9FAF}.Debug|Any CPU.ActiveCfg = Debug|Any CPU
		{5460237B-DEAB-4A05-A61B-FBFC52BE9FAF}.Debug|Any CPU.Build.0 = Debug|Any CPU
		{5460237B-DEAB-4A05-A61B-FBFC52BE9FAF}.Debug|x64.ActiveCfg = Debug|Any CPU
		{5460237B-DEAB-4A05-A61B-FBFC52BE9FAF}.Debug|x64.Build.0 = Debug|Any CPU
		{5460237B-DEAB-4A05-A61B-FBFC52BE9FAF}.Debug|x86.ActiveCfg = Debug|Any CPU
		{5460237B-DEAB-4A05-A61B-FBFC52BE9FAF}.Debug|x86.Build.0 = Debug|Any CPU
		{5460237B-DEAB-4A05-A61B-FBFC52BE9FAF}.Release|Any CPU.ActiveCfg = Release|Any CPU
		{5460237B-DEAB-4A05-A61B-FBFC52BE9FAF}.Release|Any CPU.Build.0 = Release|Any CPU
		{5460237B-DEAB-4A05-A61B-FBFC52BE9FAF}.Release|x64.ActiveCfg = Release|Any CPU
		{5460237B-DEAB-4A05-A61B-FBFC52BE9FAF}.Release|x64.Build.0 = Release|Any CPU
		{5460237B-DEAB-4A05-A61B-FBFC52BE9FAF}.Release|x86.ActiveCfg = Release|Any CPU
		{5460237B-DEAB-4A05-A61B-FBFC52BE9FAF}.Release|x86.Build.0 = Release|Any CPU
		{82F7AD3B-C941-4F79-AB18-3991AFB72EA4}.Debug|Any CPU.ActiveCfg = Debug|Any CPU
		{82F7AD3B-C941-4F79-AB18-3991AFB72EA4}.Debug|Any CPU.Build.0 = Debug|Any CPU
		{82F7AD3B-C941-4F79-AB18-3991AFB72EA4}.Debug|x64.ActiveCfg = Debug|Any CPU
		{82F7AD3B-C941-4F79-AB18-3991AFB72EA4}.Debug|x64.Build.0 = Debug|Any CPU
		{82F7AD3B-C941-4F79-AB18-3991AFB72EA4}.Debug|x86.ActiveCfg = Debug|Any CPU
		{82F7AD3B-C941-4F79-AB18-3991AFB72EA4}.Debug|x86.Build.0 = Debug|Any CPU
		{82F7AD3B-C941-4F79-AB18-3991AFB72EA4}.Release|Any CPU.ActiveCfg = Release|Any CPU
		{82F7AD3B-C941-4F79-AB18-3991AFB72EA4}.Release|Any CPU.Build.0 = Release|Any CPU
		{82F7AD3B-C941-4F79-AB18-3991AFB72EA4}.Release|x64.ActiveCfg = Release|Any CPU
		{82F7AD3B-C941-4F79-AB18-3991AFB72EA4}.Release|x64.Build.0 = Release|Any CPU
		{82F7AD3B-C941-4F79-AB18-3991AFB72EA4}.Release|x86.ActiveCfg = Release|Any CPU
		{82F7AD3B-C941-4F79-AB18-3991AFB72EA4}.Release|x86.Build.0 = Release|Any CPU
		{AE48369A-3897-4B78-8A57-4920CDA498B3}.Debug|Any CPU.ActiveCfg = Debug|Any CPU
		{AE48369A-3897-4B78-8A57-4920CDA498B3}.Debug|Any CPU.Build.0 = Debug|Any CPU
		{AE48369A-3897-4B78-8A57-4920CDA498B3}.Debug|x64.ActiveCfg = Debug|Any CPU
		{AE48369A-3897-4B78-8A57-4920CDA498B3}.Debug|x64.Build.0 = Debug|Any CPU
		{AE48369A-3897-4B78-8A57-4920CDA498B3}.Debug|x86.ActiveCfg = Debug|Any CPU
		{AE48369A-3897-4B78-8A57-4920CDA498B3}.Debug|x86.Build.0 = Debug|Any CPU
		{AE48369A-3897-4B78-8A57-4920CDA498B3}.Release|Any CPU.ActiveCfg = Release|Any CPU
		{AE48369A-3897-4B78-8A57-4920CDA498B3}.Release|Any CPU.Build.0 = Release|Any CPU
		{AE48369A-3897-4B78-8A57-4920CDA498B3}.Release|x64.ActiveCfg = Release|Any CPU
		{AE48369A-3897-4B78-8A57-4920CDA498B3}.Release|x64.Build.0 = Release|Any CPU
		{AE48369A-3897-4B78-8A57-4920CDA498B3}.Release|x86.ActiveCfg = Release|Any CPU
		{AE48369A-3897-4B78-8A57-4920CDA498B3}.Release|x86.Build.0 = Release|Any CPU
		{85FA538A-1DA2-4C1A-BF41-F4280AE8BC1F}.Debug|Any CPU.ActiveCfg = Debug|Any CPU
		{85FA538A-1DA2-4C1A-BF41-F4280AE8BC1F}.Debug|Any CPU.Build.0 = Debug|Any CPU
		{85FA538A-1DA2-4C1A-BF41-F4280AE8BC1F}.Debug|x64.ActiveCfg = Debug|Any CPU
		{85FA538A-1DA2-4C1A-BF41-F4280AE8BC1F}.Debug|x64.Build.0 = Debug|Any CPU
		{85FA538A-1DA2-4C1A-BF41-F4280AE8BC1F}.Debug|x86.ActiveCfg = Debug|Any CPU
		{85FA538A-1DA2-4C1A-BF41-F4280AE8BC1F}.Debug|x86.Build.0 = Debug|Any CPU
		{85FA538A-1DA2-4C1A-BF41-F4280AE8BC1F}.Release|Any CPU.ActiveCfg = Release|Any CPU
		{85FA538A-1DA2-4C1A-BF41-F4280AE8BC1F}.Release|Any CPU.Build.0 = Release|Any CPU
		{85FA538A-1DA2-4C1A-BF41-F4280AE8BC1F}.Release|x64.ActiveCfg = Release|Any CPU
		{85FA538A-1DA2-4C1A-BF41-F4280AE8BC1F}.Release|x64.Build.0 = Release|Any CPU
		{85FA538A-1DA2-4C1A-BF41-F4280AE8BC1F}.Release|x86.ActiveCfg = Release|Any CPU
		{85FA538A-1DA2-4C1A-BF41-F4280AE8BC1F}.Release|x86.Build.0 = Release|Any CPU
		{6ABD91A9-88A9-4446-98E9-F0E775036627}.Debug|Any CPU.ActiveCfg = Debug|Any CPU
		{6ABD91A9-88A9-4446-98E9-F0E775036627}.Debug|Any CPU.Build.0 = Debug|Any CPU
		{6ABD91A9-88A9-4446-98E9-F0E775036627}.Debug|x64.ActiveCfg = Debug|Any CPU
		{6ABD91A9-88A9-4446-98E9-F0E775036627}.Debug|x64.Build.0 = Debug|Any CPU
		{6ABD91A9-88A9-4446-98E9-F0E775036627}.Debug|x86.ActiveCfg = Debug|Any CPU
		{6ABD91A9-88A9-4446-98E9-F0E775036627}.Debug|x86.Build.0 = Debug|Any CPU
		{6ABD91A9-88A9-4446-98E9-F0E775036627}.Release|Any CPU.ActiveCfg = Release|Any CPU
		{6ABD91A9-88A9-4446-98E9-F0E775036627}.Release|Any CPU.Build.0 = Release|Any CPU
		{6ABD91A9-88A9-4446-98E9-F0E775036627}.Release|x64.ActiveCfg = Release|Any CPU
		{6ABD91A9-88A9-4446-98E9-F0E775036627}.Release|x64.Build.0 = Release|Any CPU
		{6ABD91A9-88A9-4446-98E9-F0E775036627}.Release|x86.ActiveCfg = Release|Any CPU
		{6ABD91A9-88A9-4446-98E9-F0E775036627}.Release|x86.Build.0 = Release|Any CPU
		{A3B3185F-2BE8-49F3-AD04-10169F8DBB87}.Debug|Any CPU.ActiveCfg = Debug|Any CPU
		{A3B3185F-2BE8-49F3-AD04-10169F8DBB87}.Debug|Any CPU.Build.0 = Debug|Any CPU
		{A3B3185F-2BE8-49F3-AD04-10169F8DBB87}.Debug|x64.ActiveCfg = Debug|Any CPU
		{A3B3185F-2BE8-49F3-AD04-10169F8DBB87}.Debug|x64.Build.0 = Debug|Any CPU
		{A3B3185F-2BE8-49F3-AD04-10169F8DBB87}.Debug|x86.ActiveCfg = Debug|Any CPU
		{A3B3185F-2BE8-49F3-AD04-10169F8DBB87}.Debug|x86.Build.0 = Debug|Any CPU
		{A3B3185F-2BE8-49F3-AD04-10169F8DBB87}.Release|Any CPU.ActiveCfg = Release|Any CPU
		{A3B3185F-2BE8-49F3-AD04-10169F8DBB87}.Release|Any CPU.Build.0 = Release|Any CPU
		{A3B3185F-2BE8-49F3-AD04-10169F8DBB87}.Release|x64.ActiveCfg = Release|Any CPU
		{A3B3185F-2BE8-49F3-AD04-10169F8DBB87}.Release|x64.Build.0 = Release|Any CPU
		{A3B3185F-2BE8-49F3-AD04-10169F8DBB87}.Release|x86.ActiveCfg = Release|Any CPU
		{A3B3185F-2BE8-49F3-AD04-10169F8DBB87}.Release|x86.Build.0 = Release|Any CPU
		{F8E3EEDE-5ADC-4289-8BA1-27C75B3E577E}.Debug|Any CPU.ActiveCfg = Debug|Any CPU
		{F8E3EEDE-5ADC-4289-8BA1-27C75B3E577E}.Debug|Any CPU.Build.0 = Debug|Any CPU
		{F8E3EEDE-5ADC-4289-8BA1-27C75B3E577E}.Debug|x64.ActiveCfg = Debug|Any CPU
		{F8E3EEDE-5ADC-4289-8BA1-27C75B3E577E}.Debug|x64.Build.0 = Debug|Any CPU
		{F8E3EEDE-5ADC-4289-8BA1-27C75B3E577E}.Debug|x86.ActiveCfg = Debug|Any CPU
		{F8E3EEDE-5ADC-4289-8BA1-27C75B3E577E}.Debug|x86.Build.0 = Debug|Any CPU
		{F8E3EEDE-5ADC-4289-8BA1-27C75B3E577E}.Release|Any CPU.ActiveCfg = Release|Any CPU
		{F8E3EEDE-5ADC-4289-8BA1-27C75B3E577E}.Release|Any CPU.Build.0 = Release|Any CPU
		{F8E3EEDE-5ADC-4289-8BA1-27C75B3E577E}.Release|x64.ActiveCfg = Release|Any CPU
		{F8E3EEDE-5ADC-4289-8BA1-27C75B3E577E}.Release|x64.Build.0 = Release|Any CPU
		{F8E3EEDE-5ADC-4289-8BA1-27C75B3E577E}.Release|x86.ActiveCfg = Release|Any CPU
		{F8E3EEDE-5ADC-4289-8BA1-27C75B3E577E}.Release|x86.Build.0 = Release|Any CPU
		{018EBD6F-33F8-476B-A1E0-EDE793A8F6E7}.Debug|Any CPU.ActiveCfg = Debug|Any CPU
		{018EBD6F-33F8-476B-A1E0-EDE793A8F6E7}.Debug|Any CPU.Build.0 = Debug|Any CPU
		{018EBD6F-33F8-476B-A1E0-EDE793A8F6E7}.Debug|x64.ActiveCfg = Debug|Any CPU
		{018EBD6F-33F8-476B-A1E0-EDE793A8F6E7}.Debug|x64.Build.0 = Debug|Any CPU
		{018EBD6F-33F8-476B-A1E0-EDE793A8F6E7}.Debug|x86.ActiveCfg = Debug|Any CPU
		{018EBD6F-33F8-476B-A1E0-EDE793A8F6E7}.Debug|x86.Build.0 = Debug|Any CPU
		{018EBD6F-33F8-476B-A1E0-EDE793A8F6E7}.Release|Any CPU.ActiveCfg = Release|Any CPU
		{018EBD6F-33F8-476B-A1E0-EDE793A8F6E7}.Release|Any CPU.Build.0 = Release|Any CPU
		{018EBD6F-33F8-476B-A1E0-EDE793A8F6E7}.Release|x64.ActiveCfg = Release|Any CPU
		{018EBD6F-33F8-476B-A1E0-EDE793A8F6E7}.Release|x64.Build.0 = Release|Any CPU
		{018EBD6F-33F8-476B-A1E0-EDE793A8F6E7}.Release|x86.ActiveCfg = Release|Any CPU
		{018EBD6F-33F8-476B-A1E0-EDE793A8F6E7}.Release|x86.Build.0 = Release|Any CPU
	EndGlobalSection
	GlobalSection(SolutionProperties) = preSolution
		HideSolutionNode = FALSE
	EndGlobalSection
	GlobalSection(NestedProjects) = preSolution
		{EB99A716-DE64-455B-B85F-229A35CEA6BC} = {B23E96F3-BD7E-40D6-8A30-218AF8132250}
		{5460237B-DEAB-4A05-A61B-FBFC52BE9FAF} = {B23E96F3-BD7E-40D6-8A30-218AF8132250}
		{82F7AD3B-C941-4F79-AB18-3991AFB72EA4} = {B23E96F3-BD7E-40D6-8A30-218AF8132250}
		{AE48369A-3897-4B78-8A57-4920CDA498B3} = {B23E96F3-BD7E-40D6-8A30-218AF8132250}
		{85FA538A-1DA2-4C1A-BF41-F4280AE8BC1F} = {B23E96F3-BD7E-40D6-8A30-218AF8132250}
		{6ABD91A9-88A9-4446-98E9-F0E775036627} = {B23E96F3-BD7E-40D6-8A30-218AF8132250}
		{52D470EA-D715-4125-B259-666ACB727C59} = {B23E96F3-BD7E-40D6-8A30-218AF8132250}
		{A3B3185F-2BE8-49F3-AD04-10169F8DBB87} = {52D470EA-D715-4125-B259-666ACB727C59}
		{F8E3EEDE-5ADC-4289-8BA1-27C75B3E577E} = {B23E96F3-BD7E-40D6-8A30-218AF8132250}
		{018EBD6F-33F8-476B-A1E0-EDE793A8F6E7} = {847D1BCE-5121-454C-9D3E-40374E78C9D8}
	EndGlobalSection
EndGlobal
